
Microsoft Visual Studio Solution File, Format Version 12.00
# Visual Studio Version 17
VisualStudioVersion = 17.7.34031.279
MinimumVisualStudioVersion = 10.0.40219.1
Project("{FAE04EC0-301F-11D3-BF4B-00C04F79EFBC}") = "Tema3-FormularioStackPanel", "Tema3-FormularioStackPanel.csproj", "{BF03A89E-ED67-4708-BBF0-A063554F23AD}"
EndProject
Global
	GlobalSection(SolutionConfigurationPlatforms) = preSolution
		Debug|Any CPU = Debug|Any CPU
		Release|Any CPU = Release|Any CPU
	EndGlobalSection
	GlobalSection(ProjectConfigurationPlatforms) = postSolution
		{BF03A89E-ED67-4708-BBF0-A063554F23AD}.Debug|Any CPU.ActiveCfg = Debug|Any CPU
		{BF03A89E-ED67-4708-BBF0-A063554F23AD}.Debug|Any CPU.Build.0 = Debug|Any CPU
		{BF03A89E-ED67-4708-BBF0-A063554F23AD}.Release|Any CPU.ActiveCfg = Release|Any CPU
		{BF03A89E-ED67-4708-BBF0-A063554F23AD}.Release|Any CPU.Build.0 = Release|Any CPU
	EndGlobalSection
	GlobalSection(SolutionProperties) = preSolution
		HideSolutionNode = FALSE
	EndGlobalSection
	GlobalSection(ExtensibilityGlobals) = postSolution
		SolutionGuid = {7935309E-7B7F-41DA-98CE-7C73380177D8}
	EndGlobalSection
EndGlobal
